
Microsoft Visual Studio Solution File, Format Version 12.00
# Visual Studio 15
Project("{FAE04EC0-301F-11D3-BF4B-00C04F79EFBC}") = "FlashPayWeb", "FlashPayWeb\FlashPayWeb.csproj", "{CF31E162-E0DA-4E79-AE4E-86536AF1143E}"
EndProject
Global
	GlobalSection(SolutionConfigurationPlatforms) = preSolution
		Debug|Any CPU = Debug|Any CPU
		Release|Any CPU = Release|Any CPU
	EndGlobalSection
	GlobalSection(ProjectConfigurationPlatforms) = postSolution
		{CF31E162-E0DA-4E79-AE4E-86536AF1143E}.Debug|Any CPU.ActiveCfg = Debug|Any CPU
		{CF31E162-E0DA-4E79-AE4E-86536AF1143E}.Debug|Any CPU.Build.0 = Debug|Any CPU
		{CF31E162-E0DA-4E79-AE4E-86536AF1143E}.Release|Any CPU.ActiveCfg = Release|Any CPU
		{CF31E162-E0DA-4E79-AE4E-86536AF1143E}.Release|Any CPU.Build.0 = Release|Any CPU
	EndGlobalSection
EndGlobal
